{
  "object": {
    "pins": [
      {
        "package": "PosixError",
        "repositoryURL": "https://github.com/SteveTrewick/PosixError",
        "state": {
          "branch": null,
          "revision": "0f7dc4ead2def649f9adb9e28c11f33143cb8f5b",
          "version": "1.0.2"
        }
      },
      {
        "package": "PosixInputStream",
        "repositoryURL": "https://github.com/SteveTrewick/PosixInputStream",
        "state": {
          "branch": null,
          "revision": "b86773d28febc11d49ddac6c3b312c658805d1a8",
          "version": "1.0.4"
        }
      },
      {
        "package": "Trace",
        "repositoryURL": "https://github.com/SteveTrewick/Trace",
        "state": {
          "branch": null,
          "revision": "e60de86d22afc6e1d0f68bbfb5fdbb5ffc5fbed3",
          "version": "1.0.3"
        }
      }
    ]
  },
  "version": 1
}
